
Microsoft Visual Studio Solution File, Format Version 12.00
# Visual Studio Version 16
VisualStudioVersion = 16.0.33130.400
MinimumVisualStudioVersion = 10.0.40219.1
Project("{9A19103F-16F7-4668-BE54-9A1E7A4F7556}") = "DAL", "DAL\DAL.csproj", "{FB012800-76FC-4A93-8AA2-A060E15E15AA}"
EndProject
Project("{9A19103F-16F7-4668-BE54-9A1E7A4F7556}") = "ConsoleTest", "ConsoleTest\ConsoleTest.csproj", "{A4C52889-7942-48EA-B4E8-677E86521F67}"
EndProject
Project("{9A19103F-16F7-4668-BE54-9A1E7A4F7556}") = "PizzaUI", "PizzaUI\PizzaUI.csproj", "{48BAEB49-42CF-4524-AAF4-E78E56B19510}"
EndProject
Project("{9A19103F-16F7-4668-BE54-9A1E7A4F7556}") = "BLL", "BLL\BLL.csproj", "{DA155483-C8B1-48F2-A6A1-700491F518EF}"
EndProject
Global
	GlobalSection(SolutionConfigurationPlatforms) = preSolution
		Debug|Any CPU = Debug|Any CPU
		Release|Any CPU = Release|Any CPU
	EndGlobalSection
	GlobalSection(ProjectConfigurationPlatforms) = postSolution
		{FB012800-76FC-4A93-8AA2-A060E15E15AA}.Debug|Any CPU.ActiveCfg = Debug|Any CPU
		{FB012800-76FC-4A93-8AA2-A060E15E15AA}.Debug|Any CPU.Build.0 = Debug|Any CPU
		{FB012800-76FC-4A93-8AA2-A060E15E15AA}.Release|Any CPU.ActiveCfg = Release|Any CPU
		{FB012800-76FC-4A93-8AA2-A060E15E15AA}.Release|Any CPU.Build.0 = Release|Any CPU
		{A4C52889-7942-48EA-B4E8-677E86521F67}.Debug|Any CPU.ActiveCfg = Debug|Any CPU
		{A4C52889-7942-48EA-B4E8-677E86521F67}.Debug|Any CPU.Build.0 = Debug|Any CPU
		{A4C52889-7942-48EA-B4E8-677E86521F67}.Release|Any CPU.ActiveCfg = Release|Any CPU
		{A4C52889-7942-48EA-B4E8-677E86521F67}.Release|Any CPU.Build.0 = Release|Any CPU
		{48BAEB49-42CF-4524-AAF4-E78E56B19510}.Debug|Any CPU.ActiveCfg = Debug|Any CPU
		{48BAEB49-42CF-4524-AAF4-E78E56B19510}.Debug|Any CPU.Build.0 = Debug|Any CPU
		{48BAEB49-42CF-4524-AAF4-E78E56B19510}.Release|Any CPU.ActiveCfg = Release|Any CPU
		{48BAEB49-42CF-4524-AAF4-E78E56B19510}.Release|Any CPU.Build.0 = Release|Any CPU
		{DA155483-C8B1-48F2-A6A1-700491F518EF}.Debug|Any CPU.ActiveCfg = Debug|Any CPU
		{DA155483-C8B1-48F2-A6A1-700491F518EF}.Debug|Any CPU.Build.0 = Debug|Any CPU
		{DA155483-C8B1-48F2-A6A1-700491F518EF}.Release|Any CPU.ActiveCfg = Release|Any CPU
		{DA155483-C8B1-48F2-A6A1-700491F518EF}.Release|Any CPU.Build.0 = Release|Any CPU
	EndGlobalSection
	GlobalSection(SolutionProperties) = preSolution
		HideSolutionNode = FALSE
	EndGlobalSection
	GlobalSection(ExtensibilityGlobals) = postSolution
		SolutionGuid = {9D314194-3907-4FF6-A62C-853505031E72}
	EndGlobalSection
EndGlobal
